
Microsoft Visual Studio Solution File, Format Version 12.00
# Visual Studio 15
VisualStudioVersion = 15.0.26228.4
MinimumVisualStudioVersion = 10.0.40219.1
Project("{FAE04EC0-301F-11D3-BF4B-00C04F79EFBC}") = "SalisburyChessEngine", "SalisburyChessEngine.csproj", "{AEBDD3DF-7F7E-4040-B4A0-89B8622F7326}"
EndProject
Project("{FAE04EC0-301F-11D3-BF4B-00C04F79EFBC}") = "Tests", "Tests\Tests.csproj", "{B5DCDFC3-2C4E-48B2-856B-138B4207269D}"
EndProject
Global
	GlobalSection(SolutionConfigurationPlatforms) = preSolution
		Debug|Any CPU = Debug|Any CPU
		Debug|x64 = Debug|x64
		Debug|x86 = Debug|x86
		Release|Any CPU = Release|Any CPU
		Release|x64 = Release|x64
		Release|x86 = Release|x86
	EndGlobalSection
	GlobalSection(ProjectConfigurationPlatforms) = postSolution
		{AEBDD3DF-7F7E-4040-B4A0-89B8622F7326}.Debug|Any CPU.ActiveCfg = Debug|x64
		{AEBDD3DF-7F7E-4040-B4A0-89B8622F7326}.Debug|Any CPU.Build.0 = Debug|x64
		{AEBDD3DF-7F7E-4040-B4A0-89B8622F7326}.Debug|x64.ActiveCfg = Debug|x86
		{AEBDD3DF-7F7E-4040-B4A0-89B8622F7326}.Debug|x64.Build.0 = Debug|x86
		{AEBDD3DF-7F7E-4040-B4A0-89B8622F7326}.Debug|x86.ActiveCfg = Debug|x86
		{AEBDD3DF-7F7E-4040-B4A0-89B8622F7326}.Debug|x86.Build.0 = Debug|x86
		{AEBDD3DF-7F7E-4040-B4A0-89B8622F7326}.Release|Any CPU.ActiveCfg = Release|x86
		{AEBDD3DF-7F7E-4040-B4A0-89B8622F7326}.Release|x64.ActiveCfg = Release|x64
		{AEBDD3DF-7F7E-4040-B4A0-89B8622F7326}.Release|x64.Build.0 = Release|x64
		{AEBDD3DF-7F7E-4040-B4A0-89B8622F7326}.Release|x86.ActiveCfg = Release|x86
		{AEBDD3DF-7F7E-4040-B4A0-89B8622F7326}.Release|x86.Build.0 = Release|x86
		{B5DCDFC3-2C4E-48B2-856B-138B4207269D}.Debug|Any CPU.ActiveCfg = Debug|Any CPU
		{B5DCDFC3-2C4E-48B2-856B-138B4207269D}.Debug|Any CPU.Build.0 = Debug|Any CPU
		{B5DCDFC3-2C4E-48B2-856B-138B4207269D}.Debug|x64.ActiveCfg = Debug|x64
		{B5DCDFC3-2C4E-48B2-856B-138B4207269D}.Debug|x64.Build.0 = Debug|x64
		{B5DCDFC3-2C4E-48B2-856B-138B4207269D}.Debug|x86.ActiveCfg = Debug|Any CPU
		{B5DCDFC3-2C4E-48B2-856B-138B4207269D}.Debug|x86.Build.0 = Debug|Any CPU
		{B5DCDFC3-2C4E-48B2-856B-138B4207269D}.Release|Any CPU.ActiveCfg = Release|Any CPU
		{B5DCDFC3-2C4E-48B2-856B-138B4207269D}.Release|Any CPU.Build.0 = Release|Any CPU
		{B5DCDFC3-2C4E-48B2-856B-138B4207269D}.Release|x64.ActiveCfg = Release|x64
		{B5DCDFC3-2C4E-48B2-856B-138B4207269D}.Release|x64.Build.0 = Release|x64
		{B5DCDFC3-2C4E-48B2-856B-138B4207269D}.Release|x86.ActiveCfg = Release|Any CPU
		{B5DCDFC3-2C4E-48B2-856B-138B4207269D}.Release|x86.Build.0 = Release|Any CPU
	EndGlobalSection
	GlobalSection(SolutionProperties) = preSolution
		HideSolutionNode = FALSE
	EndGlobalSection
EndGlobal
